schema_version: '0.3'
domain_pack_exact_lock:
  payload:
    project_id: project.domain-pack.fixture
    core:
      bundle_id: bundle.domain-pack.fixture
      bundle_digest: sha256:0000000000000000000000000000000000000000000000000000000000000020
      policy_set_digest: sha256:0000000000000000000000000000000000000000000000000000000000000021
      bundle:
        id: bundle.domain-pack.fixture
        policies: []
    requirements_digest: sha256:0000000000000000000000000000000000000000000000000000000000000030
    roots: []
    registry_snapshot_digest: sha256:0000000000000000000000000000000000000000000000000000000000000031
    reviewer_registry_digest: 0000000000000000000000000000000000000000000000000000000000000038
    reviewed_registry_digest: 0000000000000000000000000000000000000000000000000000000000000039
    trust_policy_digest: sha256:0000000000000000000000000000000000000000000000000000000000000032
    capability_registry_digest: sha256:0000000000000000000000000000000000000000000000000000000000000033
    sandbox_policy_digest: sha256:0000000000000000000000000000000000000000000000000000000000000034
    resolution_digest: sha256:0000000000000000000000000000000000000000000000000000000000000035
    composition_digest: sha256:0000000000000000000000000000000000000000000000000000000000000036
    packages: []
    verified_capability_bindings: []
    unresolved_composition_gaps: []
    unresolved_capability_gaps: []
  lock_digest: sha256:0000000000000000000000000000000000000000000000000000000000000037
