schema_version: "0.1"
contract_family_inventory:
  id: "inventory.v0.contract_family_lock"
  contract_ref: "contracts/inventory/contract-family-inventory-v0.yaml"
  created_at: "2026-06-25T00:00:00Z"
  status: "locked_for_schema_generation"
  lock_scope:
    includes:
      - "Forge Rust core v0 runtime authority contracts."
      - "Typed YAML fixtures used as behavioral evidence for the Rust validator."
      - "Operation-side references that determine host-agent authority, autonomy, gates, requests, effects, and handoff."
      - "P6a Domain Pack candidate contracts and derived read-only composition projections; these do not extend runtime authority."
      - "P6b Domain Pack lifecycle and P6c learning-promotion evidence, review, authorization, and reviewed-registry contracts; serialized labels never replace trusted admission."
    excludes:
      - "README, installation instructions, and release notes."
      - "Migration notes that do not carry runtime authority."
      - "Research registry entries unless referenced by a contract evidence_basis."
      - "Legacy Markdown docs and rendered human-facing material."
  family_discovery_policy:
    before_schema_generation: "forbidden_without_grill_evidence_and_inventory_patch"
    after_schema_generation: "requires_new_family_proposal_schema_validator_and_fixture"
  supporting_policy_refs:
    - "contracts/policies/rust-validation-authority.yaml"
    - "contracts/policies/human-agent-interface.yaml"
    - "contracts/policies/agent-native-product-constitution.yaml"
    - "contracts/policies/schema-generation-authority.yaml"
    - "contracts/policies/rust-workspace-architecture.yaml"
    - "contracts/policies/rust-contract-type-order.yaml"
    - "contracts/policies/operation-contract-rust-type-strictness.yaml"
    - "contracts/policies/validator-library-migration-boundary.yaml"
    - "contracts/policies/side-contract-type-order.yaml"
    - "contracts/policies/request-effect-type-boundary.yaml"
    - "contracts/policies/advanced-boundary-type-order.yaml"
    - "contracts/policies/runtime-handoff-type-boundary.yaml"
    - "contracts/policies/health-recovery-type-boundary.yaml"
    - "contracts/policies/coordination-eval-type-boundary.yaml"
    - "contracts/policies/workflow-migration-foundation-v0.yaml"
    - "contracts/policies/typed-cross-file-reference-validation-boundary.yaml"
    - "contracts/policies/filesystem-reference-index-adapter-boundary.yaml"
    - "contracts/policies/thin-cli-validation-surface-boundary.yaml"
    - "contracts/policies/legacy-validator-parity-retirement-boundary.yaml"
    - "contracts/policies/generic-yaml-evidence-ref-validation-boundary.yaml"
    - "contracts/policies/legacy-validator-parity-matrix-boundary.yaml"
    - "contracts/policies/generic-known-ref-validation-boundary.yaml"
    - "contracts/policies/schema-enum-parity-boundary.yaml"
    - "contracts/policies/legacy-stdout-compatibility-boundary.yaml"
    - "contracts/policies/legacy-validator-retirement-policy-boundary.yaml"
    - "contracts/policies/rust-runtime-execution-boundary.yaml"
    - "contracts/policies/runtime-store-state-read-boundary.yaml"
    - "contracts/policies/runtime-effect-staging-boundary.yaml"
    - "contracts/policies/runtime-command-runner-boundary.yaml"
    - "contracts/policies/runtime-command-evidence-recording-boundary.yaml"
    - "contracts/policies/runtime-effect-transaction-boundary.yaml"
    - "contracts/policies/runtime-effect-application-boundary.yaml"
    - "contracts/policies/runtime-effect-wal-recovery-boundary.yaml"
    - "contracts/policies/runtime-effect-wal-compaction-and-locking-boundary.yaml"
    - "contracts/policies/runtime-store-adapter-integration-boundary.yaml"
    - "contracts/policies/operation-executor-payload-adapter-boundary.yaml"
    - "contracts/policies/operation-executor-artifact-storage-projection-boundary.yaml"
    - "contracts/policies/operation-executor-metadata-index-boundary.yaml"
    - "contracts/policies/operation-executor-metadata-rebuild-boundary.yaml"
    - "contracts/policies/operation-executor-repair-cli-boundary.yaml"
    - "contracts/policies/operation-executor-index-compaction-boundary.yaml"
    - "contracts/policies/operation-executor-metadata-reader-boundary.yaml"
    - "contracts/policies/operation-executor-metadata-consumer-boundary.yaml"
    - "contracts/policies/operation-executor-metadata-context-builder-boundary.yaml"
    - "contracts/policies/operation-executor-metadata-adapter-integration-boundary.yaml"
    - "contracts/policies/host-adapter-manifest-boundary.yaml"
    - "contracts/policies/host-adapter-manifest-projection-boundary.yaml"
    - "contracts/policies/mcp-local-process-security-boundary.yaml"
    - "contracts/policies/installer-trust-and-distribution-boundary.yaml"
    - "contracts/policies/release-artifact-verification-boundary.yaml"
    - "contracts/policies/signature-and-provenance-verification-boundary.yaml"
    - "contracts/policies/sigstore-rekor-backend-boundary.yaml"
    - "contracts/policies/sigstore-trusted-root-policy-boundary.yaml"
    - "contracts/operations/operation-reference-policy-v0.yaml"
  supporting_research_refs:
    - "llm_as_code_2606_15874"
    - "code_as_agent_harness_2605_18747"
    - "natural_language_agent_harnesses_2603_25723"
    - "runtime_governance_paths_2603_16586"
    - "runtime_governance_embodied_2604_07833"
    - "agentic_harness_engineering_2604_25850"
    - "agentleak_privacy_leakage_2602_11510"
    - "tool_agent_data_leakage_2606_17114"
    - "w3c_prov_dm"
    - "ro_crate_spec_1_1"
    - "workflow_run_ro_crate_2024"
    - "openlineage_object_model"
    - "harnessfix_trace_guided_2606_06324"
    - "storm_state_management_2605_20563"
    - "cordon_semantic_transactions_2606_17573"
    - "local_llm_agents_vulnerable_runtimes_2606_21071"
    - "parallax_cognitive_executive_separation_2604_12986"
    - "rust_std_child_process_official"
    - "failure_atomic_updates_fast15"
    - "rust_file_sync_all_official"
    - "rust_std_file_lock_official"
    - "aries_wal_1992"
    - "mcp_tools_spec"
    - "mcp_security_best_practices_2026"
    - "mcp_authorization_spec_2025_11_25"
    - "slsa_artifact_verification_spec"
    - "slsa_provenance_v1"
    - "slsa_verifier_project"
    - "slsa_framework_spec"
    - "in_toto_statement_v1"
    - "sigstore_client_spec"
    - "rfc6962_merkle_audit_paths"
    - "sigstore_docs"
    - "sigstore_bundle_format_docs"
    - "sigstore_rekor_docs"
    - "transparency_dev_checkpoint_format"
    - "sigstore_go_field_capabilities"
    - "sigstore_rs_014_rekor_backend"
    - "software_signing_industry_study_2025"
    - "sigstore_security_model"
    - "sigstore_timestamps_docs"
    - "fulcio_oid_info"
    - "sigstore_trusted_root_proto"
    - "sigstore_go_verify_policy"
    - "sigstore_usability_case_study_2025"
    - "tuf_specification"
    - "in_toto_spec"
    - "agent_protocol_taxonomy_2606_19135"
    - "communication_centric_llm_mas_2502_14321"
    - "coagent_2606_15376"
    - "cooperbench_2601_13295"
    - "mcp_tool_annotations_2603"
    - "semver_2_0_0"
    - "cli_guidelines_clig_dev"
    - "salesforce_cli_deprecation_policy"
    - "kubernetes_deprecation_policy"
  families:
    - id: "operation_contract"
      family_kind: "authority_response"
      schema_ref: "contracts/operations/operation-contract-v0.yaml"
      instance_globs:
        - "docs/fixtures/operation-contract-v0/*.yaml"
      validator_function: "validate_operation_references"
      validation_surface: "rust_contract_validator"
      status: "locked_for_schema_generation"
      evidence_refs:
        - "llm_as_code_2606_15874"
        - "code_as_agent_harness_2605_18747"
    - id: "operation_reference_policy"
      family_kind: "reference_policy"
      schema_ref: "contracts/operations/operation-reference-policy-v0.yaml"
      instance_globs:
        - "contracts/operations/operation-reference-policy-v0.yaml"
      validator_function: "validate_operation_references"
      validation_surface: "rust_contract_validator"
      status: "locked_for_schema_generation"
      evidence_refs:
        - "agent_protocol_taxonomy_2606_19135"
        - "mcp_tools_spec"
    - id: "command_contract"
      family_kind: "command_surface"
      schema_ref: "contracts/commands/command-contract-v0.yaml"
      instance_globs:
        - "contracts/commands/*.yaml"
      validator_function: "validate_commands"
      validation_surface: "rust_contract_validator"
      status: "locked_for_schema_generation"
      evidence_refs:
        - "mcp_tools_spec"
        - "solver_policy_tool_agents_2603_20449"
    - id: "claim_contract"
      family_kind: "coordination_claim"
      schema_ref: "contracts/claims/claim-contract-v0.yaml"
      instance_globs:
        - "contracts/claims/*.yaml"
      validator_function: "validate_operation_references"
      validation_surface: "rust_contract_validator"
      status: "locked_for_schema_generation"
      evidence_refs:
        - "grite_2606_19616"
        - "coagent_2606_15376"
    - id: "completion_contract"
      family_kind: "completion_state"
      schema_ref: "contracts/completion/completion-contract-v0.yaml"
      instance_globs:
        - "contracts/completion/*.yaml"
      validator_function: "validate_operation_references"
      validation_surface: "rust_contract_validator"
      status: "locked_for_schema_generation"
      evidence_refs:
        - "grite_2606_19616"
        - "code_as_agent_harness_2605_18747"
    - id: "decision_close_contract"
      family_kind: "decision_close"
      schema_ref: "contracts/decisions/decision-close-contract-v0.yaml"
      instance_globs:
        - "contracts/decisions/*.yaml"
      validator_function: "validate_decisions"
      validation_surface: "rust_contract_validator"
      status: "locked_for_schema_generation"
      evidence_refs:
        - "mixed_initiative_aaai_2025"
        - "fudan_agent4se_survey"
    - id: "gate_contract"
      family_kind: "quality_gate"
      schema_ref: "contracts/gates/gate-contract-v0.yaml"
      instance_globs:
        - "contracts/gates/*.yaml"
      validator_function: "validate_gates"
      validation_surface: "rust_contract_validator"
      status: "locked_for_schema_generation"
      evidence_refs:
        - "cooperbench_2601_13295"
        - "code_as_agent_harness_2605_18747"
    - id: "tool_effect_contract"
      family_kind: "tool_effect"
      schema_ref: "contracts/effects/tool-effect-contract-v0.yaml"
      instance_globs:
        - "contracts/effects/*.yaml"
      validator_function: "validate_tool_effects"
      validation_surface: "rust_contract_validator"
      status: "locked_for_schema_generation"
      evidence_refs:
        - "coagent_2606_15376"
        - "rac_2605_03409"
        - "owasp_llm06_excessive_agency"
    - id: "request_contract"
      family_kind: "coordination_request"
      schema_ref: "contracts/requests/request-contract-v0.yaml"
      instance_globs:
        - "contracts/requests/*.yaml"
      validator_function: "validate_requests"
      validation_surface: "rust_contract_validator"
      status: "locked_for_schema_generation"
      evidence_refs:
        - "communication_centric_llm_mas_2502_14321"
        - "agent_protocol_taxonomy_2606_19135"
        - "agentscope_2402_14034"
    - id: "runtime_handoff_contract"
      family_kind: "runtime_handoff"
      schema_ref: "contracts/runtimes/runtime-handoff-contract-v0.yaml"
      instance_globs:
        - "contracts/runtimes/*.yaml"
      validator_function: "validate_runtime_handoffs"
      validation_surface: "rust_contract_validator"
      status: "locked_for_schema_generation"
      evidence_refs:
        - "a2a_protocol"
        - "mcp_tools_spec"
        - "agentscope_2402_14034"
    - id: "coordination_eval_contract"
      family_kind: "coordination_eval"
      schema_ref: "contracts/evals/coordination-eval-contract-v0.yaml"
      instance_globs:
        - "contracts/evals/*.yaml"
      validator_function: "validate_coordination_evals"
      validation_surface: "rust_contract_validator"
      status: "locked_for_schema_generation"
      evidence_refs:
        - "cooperbench_2601_13295"
        - "multiagentbench_2503_01935"
        - "code_as_agent_harness_2605_18747"
    - id: "health_recovery_contract"
      family_kind: "health_recovery"
      schema_ref: "contracts/recovery/health-recovery-contract-v0.yaml"
      instance_globs:
        - "contracts/recovery/*.yaml"
      validator_function: "validate_health_recovery"
      validation_surface: "rust_contract_validator"
      status: "locked_for_schema_generation"
      evidence_refs:
        - "agentops_survey_2508_02121"
        - "agentops_observability_2411_05285"
        - "agentscope_2402_14034"
    - id: "workflow_migration_plan"
      family_kind: "migration_manifest"
      schema_ref: "contracts/policies/workflow-migration-foundation-v0.yaml"
      instance_globs:
        - "contracts/policies/workflow-migration-foundation-v0.yaml"
      validator_function: "evaluate_workflow_migration"
      validation_surface: "rust_contract_validator"
      status: "support_only"
      evidence_refs:
        - "llm_as_code_2606_15874"
        - "code_as_agent_harness_2605_18747"
    - id: "domain_pack_manifest"
      family_kind: "domain_pack_manifest"
      schema_ref: "contracts/spec/domain-pack-v0.yaml"
      instance_globs:
        - "docs/fixtures/domain-pack-v0/manifests/*.yaml"
      validator_function: "forge_core_decisions::validate_domain_pack_candidate"
      validation_surface: "rust_contract_validator"
      status: "active"
      evidence_refs:
        - "llm_as_code_2606_15874"
        - "code_as_agent_harness_2605_18747"
    - id: "domain_pack_content"
      family_kind: "domain_pack_content"
      schema_ref: "contracts/spec/domain-pack-v0.yaml"
      instance_globs:
        - "docs/fixtures/domain-pack-v0/content/*.yaml"
      validator_function: "forge_core_decisions::validate_domain_pack_candidate"
      validation_surface: "rust_contract_validator"
      status: "active"
      evidence_refs:
        - "llm_as_code_2606_15874"
        - "code_as_agent_harness_2605_18747"
    - id: "domain_pack_project_requirements"
      family_kind: "domain_pack_project_requirements"
      schema_ref: "contracts/spec/domain-pack-v0.yaml"
      instance_globs:
        - "docs/fixtures/domain-pack-v0/requirements/*.yaml"
      validator_function: "forge_core_decisions::compose_domain_packs"
      validation_surface: "rust_contract_validator"
      status: "active"
      evidence_refs:
        - "llm_as_code_2606_15874"
        - "code_as_agent_harness_2605_18747"
    - id: "domain_pack_composition_request"
      family_kind: "domain_pack_composition_request"
      schema_ref: "contracts/spec/domain-pack-v0.yaml"
      instance_globs:
        - "docs/fixtures/domain-pack-v0/requests/*.yaml"
      validator_function: "forge_core_decisions::compose_domain_packs"
      validation_surface: "rust_contract_validator"
      status: "active"
      evidence_refs:
        - "llm_as_code_2606_15874"
        - "code_as_agent_harness_2605_18747"
    - id: "domain_pack_composition_projection"
      family_kind: "domain_pack_composition_projection"
      schema_ref: "contracts/spec/domain-pack-v0.yaml"
      instance_globs:
        - "docs/fixtures/domain-pack-v0/projections/*.yaml"
      validator_function: "forge_core_decisions::compose_domain_packs"
      validation_surface: "rust_contract_validator"
      status: "active"
      evidence_refs:
        - "llm_as_code_2606_15874"
        - "code_as_agent_harness_2605_18747"
    - id: "domain_pack_trust_policy"
      family_kind: "domain_pack_trust_policy"
      schema_ref: "contracts/spec/domain-pack-lifecycle-v0.yaml"
      instance_globs:
        - "docs/fixtures/domain-pack-lifecycle-v0/valid/trust-policy.yaml"
      validator_function: "forge_core_decisions::evaluate_domain_pack_trust"
      validation_surface: "rust_contract_validator"
      status: "active"
      evidence_refs:
        - "llm_as_code_2606_15874"
        - "code_as_agent_harness_2605_18747"
    - id: "domain_pack_supply_chain_registry"
      family_kind: "domain_pack_supply_chain_registry"
      schema_ref: "contracts/spec/domain-pack-lifecycle-v0.yaml"
      instance_globs:
        - "docs/fixtures/domain-pack-lifecycle-v0/valid/supply-chain-registry.yaml"
      validator_function: "forge_core_authority::verify_domain_pack_supply_chain_snapshot"
      validation_surface: "rust_contract_validator"
      status: "active"
      evidence_refs:
        - "llm_as_code_2606_15874"
        - "code_as_agent_harness_2605_18747"
    - id: "domain_pack_runtime_capability_registry"
      family_kind: "domain_pack_runtime_capability_registry"
      schema_ref: "contracts/spec/domain-pack-lifecycle-v0.yaml"
      instance_globs:
        - "docs/fixtures/domain-pack-lifecycle-v0/valid/runtime-capability-registry.yaml"
      validator_function: "forge_core_decisions::evaluate_domain_pack_trust"
      validation_surface: "rust_contract_validator"
      status: "active"
      evidence_refs:
        - "llm_as_code_2606_15874"
        - "code_as_agent_harness_2605_18747"
    - id: "domain_pack_capability_sandbox_policy"
      family_kind: "domain_pack_capability_sandbox_policy"
      schema_ref: "contracts/spec/domain-pack-lifecycle-v0.yaml"
      instance_globs:
        - "docs/fixtures/domain-pack-lifecycle-v0/valid/capability-sandbox-policy.yaml"
      validator_function: "forge_core_decisions::evaluate_domain_pack_trust"
      validation_surface: "rust_contract_validator"
      status: "active"
      evidence_refs:
        - "llm_as_code_2606_15874"
        - "code_as_agent_harness_2605_18747"
    - id: "domain_pack_resolution_request"
      family_kind: "domain_pack_resolution_request"
      schema_ref: "contracts/spec/domain-pack-lifecycle-v0.yaml"
      instance_globs:
        - "docs/fixtures/domain-pack-lifecycle-v0/valid/resolution-request.yaml"
      validator_function: "forge_core_decisions::resolve_domain_packs"
      validation_surface: "rust_contract_validator"
      status: "active"
      evidence_refs:
        - "llm_as_code_2606_15874"
        - "code_as_agent_harness_2605_18747"
    - id: "domain_pack_resolution_projection"
      family_kind: "domain_pack_resolution_projection"
      schema_ref: "contracts/spec/domain-pack-lifecycle-v0.yaml"
      instance_globs:
        - "docs/fixtures/domain-pack-lifecycle-v0/valid/resolution-projection.yaml"
      validator_function: "forge_core_decisions::resolve_domain_packs"
      validation_surface: "rust_contract_validator"
      status: "active"
      evidence_refs:
        - "llm_as_code_2606_15874"
        - "code_as_agent_harness_2605_18747"
    - id: "domain_pack_exact_lock"
      family_kind: "domain_pack_exact_lock"
      schema_ref: "contracts/spec/domain-pack-lifecycle-v0.yaml"
      instance_globs:
        - "docs/fixtures/domain-pack-lifecycle-v0/valid/exact-lock.yaml"
      validator_function: "forge_core_domain_pack_tcb::LockedDomainPackLifecycle::prepare_candidate"
      validation_surface: "rust_contract_validator"
      status: "active"
      evidence_refs:
        - "llm_as_code_2606_15874"
        - "code_as_agent_harness_2605_18747"
    - id: "domain_pack_compatibility_report"
      family_kind: "domain_pack_compatibility_report"
      schema_ref: "contracts/spec/domain-pack-lifecycle-v0.yaml"
      instance_globs:
        - "docs/fixtures/domain-pack-lifecycle-v0/valid/compatibility-report.yaml"
      validator_function: "forge_core_decisions::evaluate_domain_pack_compatibility"
      validation_surface: "rust_contract_validator"
      status: "active"
      evidence_refs:
        - "llm_as_code_2606_15874"
        - "code_as_agent_harness_2605_18747"
    - id: "domain_pack_lifecycle_request"
      family_kind: "domain_pack_lifecycle_request"
      schema_ref: "contracts/spec/domain-pack-lifecycle-v0.yaml"
      instance_globs: []
      validator_function: "forge_core_domain_pack_tcb::LockedDomainPackLifecycle::prepare_candidate"
      validation_surface: "rust_contract_validator"
      status: "active"
      evidence_refs:
        - "llm_as_code_2606_15874"
        - "code_as_agent_harness_2605_18747"
    - id: "domain_pack_lifecycle_preflight"
      family_kind: "domain_pack_lifecycle_preflight"
      schema_ref: "contracts/spec/domain-pack-lifecycle-v0.yaml"
      instance_globs: []
      validator_function: "forge_core_domain_pack_tcb::authorize_prepared_domain_pack_lifecycle"
      validation_surface: "rust_contract_validator"
      status: "active"
      evidence_refs:
        - "llm_as_code_2606_15874"
        - "code_as_agent_harness_2605_18747"
    - id: "domain_pack_active_pointer"
      family_kind: "domain_pack_active_pointer"
      schema_ref: "contracts/spec/domain-pack-lifecycle-v0.yaml"
      instance_globs:
        - "docs/fixtures/domain-pack-lifecycle-v0/valid/active-pointer.yaml"
      validator_function: "forge_core_domain_pack_tcb::lock_domain_pack_lifecycle"
      validation_surface: "rust_contract_validator"
      status: "active"
      evidence_refs:
        - "llm_as_code_2606_15874"
        - "code_as_agent_harness_2605_18747"
    - id: "domain_pack_lifecycle_ledger"
      family_kind: "domain_pack_lifecycle_ledger"
      schema_ref: "contracts/spec/domain-pack-lifecycle-v0.yaml"
      instance_globs:
        - "docs/fixtures/domain-pack-lifecycle-v0/valid/lifecycle-ledger.yaml"
      validator_function: "forge_core_domain_pack_tcb::lock_domain_pack_lifecycle"
      validation_surface: "rust_contract_validator"
      status: "active"
      evidence_refs:
        - "llm_as_code_2606_15874"
        - "code_as_agent_harness_2605_18747"
    - id: "domain_pack_lifecycle_receipt"
      family_kind: "domain_pack_lifecycle_receipt"
      schema_ref: "contracts/spec/domain-pack-lifecycle-v0.yaml"
      instance_globs:
        - "docs/fixtures/domain-pack-lifecycle-v0/valid/lifecycle-receipt.yaml"
      validator_function: "forge_core_domain_pack_tcb::LockedDomainPackLifecycle::commit"
      validation_surface: "rust_contract_validator"
      status: "active"
      evidence_refs:
        - "llm_as_code_2606_15874"
        - "code_as_agent_harness_2605_18747"
    - id: "domain_pack_recovery_report"
      family_kind: "domain_pack_recovery_report"
      schema_ref: "contracts/spec/domain-pack-lifecycle-v0.yaml"
      instance_globs:
        - "docs/fixtures/domain-pack-lifecycle-v0/valid/recovery-report.yaml"
      validator_function: "forge_core_domain_pack_tcb::LockedDomainPackLifecycle::recovery_report"
      validation_surface: "rust_contract_validator"
      status: "active"
      evidence_refs:
        - "llm_as_code_2606_15874"
        - "code_as_agent_harness_2605_18747"
    - id: "domain_pack_local_learning_candidate"
      family_kind: "domain_pack_local_learning_candidate"
      schema_ref: "contracts/spec/domain-pack-learning-v0.yaml"
      instance_globs:
        - "docs/fixtures/domain-pack-learning-v0/valid/local-learning-candidate.yaml"
      validator_function: "forge_core_contracts::DomainPackLocalLearningCandidateDocument::validate"
      validation_surface: "rust_contract_validator"
      status: "active"
      evidence_refs:
        - "llm_as_code_2606_15874"
        - "code_as_agent_harness_2605_18747"
    - id: "domain_pack_promotion_dossier"
      family_kind: "domain_pack_promotion_dossier"
      schema_ref: "contracts/spec/domain-pack-learning-v0.yaml"
      instance_globs: []
      validator_function: "forge_core_contracts::DomainPackPromotionDossierDocument::validate"
      validation_surface: "rust_contract_validator"
      status: "active"
      evidence_refs:
        - "llm_as_code_2606_15874"
        - "code_as_agent_harness_2605_18747"
    - id: "domain_pack_independent_review"
      family_kind: "domain_pack_independent_review"
      schema_ref: "contracts/spec/domain-pack-learning-v0.yaml"
      instance_globs: []
      validator_function: "forge_core_contracts::DomainPackIndependentReviewDocument::validate"
      validation_surface: "rust_contract_validator"
      status: "active"
      evidence_refs:
        - "llm_as_code_2606_15874"
        - "code_as_agent_harness_2605_18747"
    - id: "domain_pack_learning_conflict"
      family_kind: "domain_pack_learning_conflict"
      schema_ref: "contracts/spec/domain-pack-learning-v0.yaml"
      instance_globs: []
      validator_function: "forge_core_contracts::DomainPackLearningConflictDocument::validate"
      validation_surface: "rust_contract_validator"
      status: "active"
      evidence_refs:
        - "llm_as_code_2606_15874"
        - "code_as_agent_harness_2605_18747"
    - id: "domain_pack_learning_review_request"
      family_kind: "domain_pack_learning_review_request"
      schema_ref: "contracts/spec/domain-pack-learning-v0.yaml"
      instance_globs: []
      validator_function: "forge_core_contracts::DomainPackLearningReviewRequestDocument::validate"
      validation_surface: "rust_contract_validator"
      status: "active"
      evidence_refs:
        - "llm_as_code_2606_15874"
        - "code_as_agent_harness_2605_18747"
    - id: "domain_pack_promotion_decision"
      family_kind: "domain_pack_promotion_decision"
      schema_ref: "contracts/spec/domain-pack-learning-v0.yaml"
      instance_globs: []
      validator_function: "forge_core_contracts::DomainPackPromotionDecisionDocument::validate"
      validation_surface: "rust_contract_validator"
      status: "active"
      evidence_refs:
        - "llm_as_code_2606_15874"
        - "code_as_agent_harness_2605_18747"
    - id: "domain_pack_reviewer_registry"
      family_kind: "domain_pack_reviewer_registry"
      schema_ref: "contracts/spec/domain-pack-learning-v0.yaml"
      instance_globs:
        - "docs/fixtures/domain-pack-learning-v0/valid/reviewer-registry.yaml"
      validator_function: "forge_core_contracts::DomainPackReviewerRegistryDocument::validate"
      validation_surface: "rust_contract_validator"
      status: "active"
      evidence_refs:
        - "llm_as_code_2606_15874"
        - "code_as_agent_harness_2605_18747"
    - id: "domain_pack_promotion_authorization"
      family_kind: "domain_pack_promotion_authorization"
      schema_ref: "contracts/spec/domain-pack-learning-v0.yaml"
      instance_globs: []
      validator_function: "forge_core_authority::verify_domain_pack_promotion_authorization"
      validation_surface: "rust_contract_validator"
      status: "active"
      evidence_refs:
        - "llm_as_code_2606_15874"
        - "code_as_agent_harness_2605_18747"
    - id: "domain_pack_reviewed_registry"
      family_kind: "domain_pack_reviewed_registry"
      schema_ref: "contracts/spec/domain-pack-learning-v0.yaml"
      instance_globs:
        - "docs/fixtures/domain-pack-learning-v0/valid/reviewed-registry.yaml"
      validator_function: "forge_core_decisions::evaluate_domain_pack_reviewed_registry_evolution"
      validation_surface: "rust_contract_validator"
      status: "active"
      evidence_refs:
        - "llm_as_code_2606_15874"
        - "code_as_agent_harness_2605_18747"
    - id: "workflow_governance_release_manifest"
      family_kind: "workflow_governance_release"
      schema_ref: "contracts/spec/workflow-governance-release-v0.yaml"
      instance_globs:
        - "contracts/migration/workflow-governance-release-foundation-v0.yaml"
      validator_function: "evaluate_workflow_release"
      validation_surface: "rust_contract_validator"
      status: "active"
      evidence_refs:
        - "llm_as_code_2606_15874"
        - "code_as_agent_harness_2605_18747"
    - id: "workflow_governance_release_registry"
      family_kind: "workflow_governance_release_registry"
      schema_ref: "contracts/spec/workflow-governance-release-admission-v0.yaml"
      instance_globs:
        - "contracts/migration/workflow-governance-release-registry-v0.yaml"
      validator_function: "evaluate_workflow_release_registry"
      validation_surface: "rust_contract_validator"
      status: "active"
      evidence_refs:
        - "llm_as_code_2606_15874"
        - "code_as_agent_harness_2605_18747"
    - id: "workflow_migration_batch"
      family_kind: "workflow_migration_batch"
      schema_ref: "contracts/spec/workflow-governance-release-v0.yaml"
      instance_globs:
        - "contracts/migration/workflow-governance-batch-golden-path-v0.yaml"
      validator_function: "evaluate_workflow_release"
      validation_surface: "rust_contract_validator"
      status: "active"
      evidence_refs:
        - "llm_as_code_2606_15874"
        - "code_as_agent_harness_2605_18747"
    - id: "workflow_retirement_authorization"
      family_kind: "workflow_retirement_authorization"
      schema_ref: "contracts/spec/workflow-governance-retirement-v0.yaml"
      instance_globs: []
      validator_function: "none"
      validation_surface: "reserved"
      status: "support_only"
      evidence_refs:
        - "llm_as_code_2606_15874"
        - "code_as_agent_harness_2605_18747"
    - id: "workflow_retirement_evidence_index"
      family_kind: "workflow_retirement_evidence_index"
      schema_ref: "contracts/spec/workflow-governance-retirement-v0.yaml"
      instance_globs:
        - "contracts/migration/workflow-retirement-evidence-index-v0.yaml"
      validator_function: "evaluate_workflow_retirement"
      validation_surface: "rust_contract_validator"
      status: "active"
      evidence_refs:
        - "llm_as_code_2606_15874"
        - "code_as_agent_harness_2605_18747"
    - id: "workflow_deletion_proof"
      family_kind: "workflow_deletion_proof"
      schema_ref: "contracts/spec/workflow-governance-retirement-v0.yaml"
      instance_globs:
        - "contracts/evidence/workflow-retirement-deletion-proof-v0.yaml"
      validator_function: "evaluate_workflow_retirement"
      validation_surface: "rust_contract_validator"
      status: "active"
      evidence_refs:
        - "llm_as_code_2606_15874"
        - "code_as_agent_harness_2605_18747"
    - id: "workflow_consumer_compatibility_report"
      family_kind: "workflow_consumer_compatibility_report"
      schema_ref: "contracts/spec/workflow-governance-retirement-v0.yaml"
      instance_globs:
        - "contracts/evidence/workflow-retirement-consumer-window-v0.yaml"
      validator_function: "evaluate_workflow_retirement"
      validation_surface: "rust_contract_validator"
      status: "active"
      evidence_refs:
        - "llm_as_code_2606_15874"
        - "code_as_agent_harness_2605_18747"
    - id: "workflow_consumer_compatibility_matrix"
      family_kind: "workflow_consumer_compatibility_matrix"
      schema_ref: "contracts/spec/workflow-governance-retirement-v0.yaml"
      instance_globs:
        - "contracts/evidence/workflow-retirement-consumer-matrix-v0.yaml"
      validator_function: "evaluate_workflow_retirement"
      validation_surface: "rust_contract_validator"
      status: "active"
      evidence_refs:
        - "llm_as_code_2606_15874"
        - "code_as_agent_harness_2605_18747"
    - id: "workflow_retirement_tombstone_catalog"
      family_kind: "workflow_retirement_tombstone_catalog"
      schema_ref: "contracts/spec/workflow-governance-retirement-v0.yaml"
      instance_globs:
        - "contracts/migration/workflow-retirement-tombstones-v0.yaml"
      validator_function: "evaluate_workflow_retirement"
      validation_surface: "rust_contract_validator"
      status: "active"
      evidence_refs:
        - "llm_as_code_2606_15874"
        - "code_as_agent_harness_2605_18747"
    - id: "workflow_final_scorecard"
      family_kind: "workflow_final_scorecard"
      schema_ref: "contracts/spec/workflow-governance-retirement-v0.yaml"
      instance_globs:
        - "contracts/migration/workflow-governance-final-scorecard-v0.yaml"
      validator_function: "evaluate_workflow_retirement"
      validation_surface: "rust_contract_validator"
      status: "active"
      evidence_refs:
        - "llm_as_code_2606_15874"
        - "code_as_agent_harness_2605_18747"
    - id: "workflow_retirement_authorization_v2"
      family_kind: "workflow_retirement_authorization"
      schema_ref: "contracts/spec/workflow-governance-retirement-v0.yaml"
      instance_globs:
        - "contracts/migration/workflow-retirement-authorization-v0.yaml"
      validator_function: "verify_workflow_retirement_authorization_v2"
      validation_surface: "rust_contract_validator"
      status: "active"
      evidence_refs:
        - "llm_as_code_2606_15874"
        - "code_as_agent_harness_2605_18747"
    - id: "workflow_governance_policy"
      family_kind: "workflow_governance_policy"
      schema_ref: "contracts/workflow-governance/workflow-governance-contract-v0.yaml"
      instance_globs:
        - "contracts/workflow-governance/*.yaml"
      validator_function: "validate_workflow_governance_bundle"
      validation_surface: "rust_contract_validator"
      status: "active"
      evidence_refs:
        - "llm_as_code_2606_15874"
        - "code_as_agent_harness_2605_18747"
    - id: "assurance_case"
      family_kind: "assurance_case"
      schema_ref: "contracts/assurance/assurance-case-contract-v0.yaml"
      instance_globs:
        - "contracts/assurance/*.yaml"
      validator_function: "validate_assurance_case"
      validation_surface: "rust_contract_validator"
      status: "locked_for_schema_generation"
      evidence_refs:
        - "code_as_agent_harness_2605_18747"
        - "harnessfix_trace_guided_2606_06324"
        - "w3c_prov_dm"
  inference_boundary: "This inventory locks the known v0 runtime, P6a 0.1 candidate, and P6b 0.2 lifecycle-evidence contract families for schema/code generation. Deserialization, presence, resolution, composition, preflight, receipt, or recovery labels do not grant core, activation, execution, or mutation authority; only the trusted lifecycle boundary may commit a verified generation. The inventory does not claim the product is complete, and it does not prevent a future family when backed by evidence, grill review, fixtures, and Rust validation."
